// !$*UTF8*$!
{
	archiveVersion = 1;
	classes = {
	};
	objectVersion = 46;
	objects = {

/* Begin PBXBuildFile section */
		AD076E3F1E571B11000A1A46 /* AppDelegate.swift in Sources */ = {isa = PBXBuildFile; fileRef = AD076E3E1E571B11000A1A46 /* AppDelegate.swift */; };
		AD076E411E571B11000A1A46 /* ViewController.swift in Sources */ = {isa = PBXBuildFile; fileRef = AD076E401E571B11000A1A46 /* ViewController.swift */; };
		AD076E441E571B11000A1A46 /* Main.storyboard in Resources */ = {isa = PBXBuildFile; fileRef = AD076E421E571B11000A1A46 /* Main.storyboard */; };
		AD076E471E571B11000A1A46 /* SO_41984004.xcdatamodeld in Sources */ = {isa = PBXBuildFile; fileRef = AD076E451E571B11000A1A46 /* SO_41984004.xcdatamodeld */; };
		AD076E491E571B11000A1A46 /* Assets.xcassets in Resources */ = {isa = PBXBuildFile; fileRef = AD076E481E571B11000A1A46 /* Assets.xcassets */; };
		AD076E4C1E571B11000A1A46 /* LaunchScreen.storyboard in Resources */ = {isa = PBXBuildFile; fileRef = AD076E4A1E571B11000A1A46 /* LaunchScreen.storyboard */; };
		AD076E541E571C9E000A1A46 /* Item.swift in Sources */ = {isa = PBXBuildFile; fileRef = AD076E531E571C9E000A1A46 /* Item.swift */; };
		AD076E561E571ED4000A1A46 /* FetchedResultsDataProvider.swift in Sources */ = {isa = PBXBuildFile; fileRef = AD076E551E571ED4000A1A46 /* FetchedResultsDataProvider.swift */; };
		AD076E581E571F11000A1A46 /* DataProvider.swift in Sources */ = {isa = PBXBuildFile; fileRef = AD076E571E571F11000A1A46 /* DataProvider.swift */; };
/* End PBXBuildFile section */

/* Begin PBXFileReference section */
		AD076E3B1E571B11000A1A46 /* SO-41984004.app */ = {isa = PBXFileReference; explicitFileType = wrapper.application; includeInIndex = 0; path = "SO-41984004.app"; sourceTree = BUILT_PRODUCTS_DIR; };
		AD076E3E1E571B11000A1A46 /* AppDelegate.swift */ = {isa = PBXFileReference; lastKnownFileType = sourcecode.swift; path = AppDelegate.swift; sourceTree = "<group>"; };
		AD076E401E571B11000A1A46 /* ViewController.swift */ = {isa = PBXFileReference; lastKnownFileType = sourcecode.swift; path = ViewController.swift; sourceTree = "<group>"; };
		AD076E431E571B11000A1A46 /* Base */ = {isa = PBXFileReference; lastKnownFileType = file.storyboard; name = Base; path = Base.lproj/Main.storyboard; sourceTree = "<group>"; };
		AD076E461E571B11000A1A46 /* SO_41984004.xcdatamodel */ = {isa = PBXFileReference; lastKnownFileType = wrapper.xcdatamodel; path = SO_41984004.xcdatamodel; sourceTree = "<group>"; };
		AD076E481E571B11000A1A46 /* Assets.xcassets */ = {isa = PBXFileReference; lastKnownFileType = folder.assetcatalog; path = Assets.xcassets; sourceTree = "<group>"; };
		AD076E4B1E571B11000A1A46 /* Base */ = {isa = PBXFileReference; lastKnownFileType = file.storyboard; name = Base; path = Base.lproj/LaunchScreen.storyboard; sourceTree = "<group>"; };
		AD076E4D1E571B11000A1A46 /* Info.plist */ = {isa = PBXFileReference; lastKnownFileType = text.plist.xml; path = Info.plist; sourceTree = "<group>"; };
		AD076E531E571C9E000A1A46 /* Item.swift */ = {isa = PBXFileReference; fileEncoding = 4; lastKnownFileType = sourcecode.swift; path = Item.swift; sourceTree = "<group>"; };
		AD076E551E571ED4000A1A46 /* FetchedResultsDataProvider.swift */ = {isa = PBXFileReference; fileEncoding = 4; lastKnownFileType = sourcecode.swift; path = FetchedResultsDataProvider.swift; sourceTree = "<group>"; };
		AD076E571E571F11000A1A46 /* DataProvider.swift */ = {isa = PBXFileReference; fileEncoding = 4; lastKnownFileType = sourcecode.swift; path = DataProvider.swift; sourceTree = "<group>"; };
/* End PBXFileReference section */

/* Begin PBXFrameworksBuildPhase section */
		AD076E381E571B11000A1A46 /* Frameworks */ = {
			isa = PBXFrameworksBuildPhase;
			buildActionMask = 2147483647;
			files = (
			);
			runOnlyForDeploymentPostprocessing = 0;
		};
/* End PBXFrameworksBuildPhase section */

/* Begin PBXGroup section */
		AD076E321E571B11000A1A46 = {
			isa = PBXGroup;
			children = (
				AD076E3D1E571B11000A1A46 /* SO-41984004 */,
				AD076E3C1E571B11000A1A46 /* Products */,
			);
			sourceTree = "<group>";
		};
		AD076E3C1E571B11000A1A46 /* Products */ = {
			isa = PBXGroup;
			children = (
				AD076E3B1E571B11000A1A46 /* SO-41984004.app */,
			);
			name = Products;
			sourceTree = "<group>";
		};
		AD076E3D1E571B11000A1A46 /* SO-41984004 */ = {
			isa = PBXGroup;
			children = (
				AD076E3E1E571B11000A1A46 /* AppDelegate.swift */,
				AD076E571E571F11000A1A46 /* DataProvider.swift */,
				AD076E551E571ED4000A1A46 /* FetchedResultsDataProvider.swift */,
				AD076E401E571B11000A1A46 /* ViewController.swift */,
				AD076E531E571C9E000A1A46 /* Item.swift */,
				AD076E421E571B11000A1A46 /* Main.storyboard */,
				AD076E481E571B11000A1A46 /* Assets.xcassets */,
				AD076E4A1E571B11000A1A46 /* LaunchScreen.storyboard */,
				AD076E4D1E571B11000A1A46 /* Info.plist */,
				AD076E451E571B11000A1A46 /* SO_41984004.xcdatamodeld */,
			);
			path = "SO-41984004";
			sourceTree = "<group>";
		};
/* End PBXGroup section */

/* Begin PBXNativeTarget section */
		AD076E3A1E571B11000A1A46 /* SO-41984004 */ = {
			isa = PBXNativeTarget;
			buildConfigurationList = AD076E501E571B11000A1A46 /* Build configuration list for PBXNativeTarget "SO-41984004" */;
			buildPhases = (
				AD076E371E571B11000A1A46 /* Sources */,
				AD076E381E571B11000A1A46 /* Frameworks */,
				AD076E391E571B11000A1A46 /* Resources */,
			);
			buildRules = (
			);
			dependencies = (
			);
			name = "SO-41984004";
			productName = "SO-41984004";
			productReference = AD076E3B1E571B11000A1A46 /* SO-41984004.app */;
			productType = "com.apple.product-type.application";
		};
/* End PBXNativeTarget section */

/* Begin PBXProject section */
		AD076E331E571B11000A1A46 /* Project object */ = {
			isa = PBXProject;
			attributes = {
				LastSwiftUpdateCheck = 0820;
				LastUpgradeCheck = 0820;
				ORGANIZATIONNAME = "Abizer Nasir";
				TargetAttributes = {
					AD076E3A1E571B11000A1A46 = {
						CreatedOnToolsVersion = 8.2.1;
						DevelopmentTeam = U48BW9QYPG;
						ProvisioningStyle = Automatic;
					};
				};
			};
			buildConfigurationList = AD076E361E571B11000A1A46 /* Build configuration list for PBXProject "SO-41984004" */;
			compatibilityVersion = "Xcode 3.2";
			developmentRegion = English;
			hasScannedForEncodings = 0;
			knownRegions = (
				en,
				Base,
			);
			mainGroup = AD076E321E571B11000A1A46;
			productRefGroup = AD076E3C1E571B11000A1A46 /* Products */;
			projectDirPath = "";
			projectRoot = "";
			targets = (
				AD076E3A1E571B11000A1A46 /* SO-41984004 */,
			);
		};
/* End PBXProject section */

/* Begin PBXResourcesBuildPhase section */
		AD076E391E571B11000A1A46 /* Resources */ = {
			isa = PBXResourcesBuildPhase;
			buildActionMask = 2147483647;
			files = (
				AD076E4C1E571B11000A1A46 /* LaunchScreen.storyboard in Resources */,
				AD076E491E571B11000A1A46 /* Assets.xcassets in Resources */,
				AD076E441E571B11000A1A46 /* Main.storyboard in Resources */,
			);
			runOnlyForDeploymentPostprocessing = 0;
		};
/* End PBXResourcesBuildPhase section */

/* Begin PBXSourcesBuildPhase section */
		AD076E371E571B11000A1A46 /* Sources */ = {
			isa = PBXSourcesBuildPhase;
			buildActionMask = 2147483647;
			files = (
				AD076E581E571F11000A1A46 /* DataProvider.swift in Sources */,
				AD076E541E571C9E000A1A46 /* Item.swift in Sources */,
				AD076E471E571B11000A1A46 /* SO_41984004.xcdatamodeld in Sources */,
				AD076E411E571B11000A1A46 /* ViewController.swift in Sources */,
				AD076E3F1E571B11000A1A46 /* AppDelegate.swift in Sources */,
				AD076E561E571ED4000A1A46 /* FetchedResultsDataProvider.swift in Sources */,
			);
			runOnlyForDeploymentPostprocessing = 0;
		};
/* End PBXSourcesBuildPhase section */

/* Begin PBXVariantGroup section */
		AD076E421E571B11000A1A46 /* Main.storyboard */ = {
			isa = PBXVariantGroup;
			children = (
				AD076E431E571B11000A1A46 /* Base */,
			);
			name = Main.storyboard;
			sourceTree = "<group>";
		};
		AD076E4A1E571B11000A1A46 /* LaunchScreen.storyboard */ = {
			isa = PBXVariantGroup;
			children = (
				AD076E4B1E571B11000A1A46 /* Base */,
			);
			name = LaunchScreen.storyboard;
			sourceTree = "<group>";
		};
/* End PBXVariantGroup section */

/* Begin XCBuildConfiguration section */
		AD076E4E1E571B11000A1A46 /* Debug */ = {
			isa = XCBuildConfiguration;
			buildSettings = {
				ALWAYS_SEARCH_USER_PATHS = NO;
				CLANG_ANALYZER_NONNULL = YES;
				CLANG_CXX_LANGUAGE_STANDARD = "gnu++0x";
				CLANG_CXX_LIBRARY = "libc++";
				CLANG_ENABLE_MODULES = YES;
				CLANG_ENABLE_OBJC_ARC = YES;
				CLANG_WARN_BOOL_CONVERSION = YES;
				CLANG_WARN_CONSTANT_CONVERSION = YES;
				CLANG_WARN_DIRECT_OBJC_ISA_USAGE = YES_ERROR;
				CLANG_WARN_DOCUMENTATION_COMMENTS = YES;
				CLANG_WARN_EMPTY_BODY = YES;
				CLANG_WARN_ENUM_CONVERSION = YES;
				CLANG_WARN_INFINITE_RECURSION = YES;
				CLANG_WARN_INT_CONVERSION = YES;
				CLANG_WARN_OBJC_ROOT_CLASS = YES_ERROR;
				CLANG_WARN_SUSPICIOUS_MOVE = YES;
				CLANG_WARN_UNREACHABLE_CODE = YES;
				CLANG_WARN__DUPLICATE_METHOD_MATCH = YES;
				"CODE_SIGN_IDENTITY[sdk=iphoneos*]" = "iPhone Developer";
				COPY_PHASE_STRIP = NO;
				DEBUG_INFORMATION_FORMAT = dwarf;
				ENABLE_STRICT_OBJC_MSGSEND = YES;
				ENABLE_TESTABILITY = YES;
				GCC_C_LANGUAGE_STANDARD = gnu99;
				GCC_DYNAMIC_NO_PIC = NO;
				GCC_NO_COMMON_BLOCKS = YES;
				GCC_OPTIMIZATION_LEVEL = 0;
				GCC_PREPROCESSOR_DEFINITIONS = (
					"DEBUG=1",
					"$(inherited)",
				);
				GCC_WARN_64_TO_32_BIT_CONVERSION = YES;
				GCC_WARN_ABOUT_RETURN_TYPE = YES_ERROR;
				GCC_WARN_UNDECLARED_SELECTOR = YES;
				GCC_WARN_UNINITIALIZED_AUTOS = YES_AGGRESSIVE;
				GCC_WARN_UNUSED_FUNCTION = YES;
				GCC_WARN_UNUSED_VARIABLE = YES;
				IPHONEOS_DEPLOYMENT_TARGET = 10.2;
				MTL_ENABLE_DEBUG_INFO = YES;
				ONLY_ACTIVE_ARCH = YES;
				SDKROOT = iphoneos;
				SWIFT_ACTIVE_COMPILATION_CONDITIONS = DEBUG;
				SWIFT_OPTIMIZATION_LEVEL = "-Onone";
				TARGETED_DEVICE_FAMILY = "1,2";
			};
			name = Debug;
		};
		AD076E4F1E571B11000A1A46 /* Release */ = {
			isa = XCBuildConfiguration;
			buildSettings = {
				ALWAYS_SEARCH_USER_PATHS = NO;
				CLANG_ANALYZER_NONNULL = YES;
				CLANG_CXX_LANGUAGE_STANDARD = "gnu++0x";
				CLANG_CXX_LIBRARY = "libc++";
				CLANG_ENABLE_MODULES = YES;
				CLANG_ENABLE_OBJC_ARC = YES;
				CLANG_WARN_BOOL_CONVERSION = YES;
				CLANG_WARN_CONSTANT_CONVERSION = YES;
				CLANG_WARN_DIRECT_OBJC_ISA_USAGE = YES_ERROR;
				CLANG_WARN_DOCUMENTATION_COMMENTS = YES;
				CLANG_WARN_EMPTY_BODY = YES;
				CLANG_WARN_ENUM_CONVERSION = YES;
				CLANG_WARN_INFINITE_RECURSION = YES;
				CLANG_WARN_INT_CONVERSION = YES;
				CLANG_WARN_OBJC_ROOT_CLASS = YES_ERROR;
				CLANG_WARN_SUSPICIOUS_MOVE = YES;
				CLANG_WARN_UNREACHABLE_CODE = YES;
				CLANG_WARN__DUPLICATE_METHOD_MATCH = YES;
				"CODE_SIGN_IDENTITY[sdk=iphoneos*]" = "iPhone Developer";
				COPY_PHASE_STRIP = NO;
				DEBUG_INFORMATION_FORMAT = "dwarf-with-dsym";
				ENABLE_NS_ASSERTIONS = NO;
				ENABLE_STRICT_OBJC_MSGSEND = YES;
				GCC_C_LANGUAGE_STANDARD = gnu99;
				GCC_NO_COMMON_BLOCKS = YES;
				GCC_WARN_64_TO_32_BIT_CONVERSION = YES;
				GCC_WARN_ABOUT_RETURN_TYPE = YES_ERROR;
				GCC_WARN_UNDECLARED_SELECTOR = YES;
				GCC_WARN_UNINITIALIZED_AUTOS = YES_AGGRESSIVE;
				GCC_WARN_UNUSED_FUNCTION = YES;
				GCC_WARN_UNUSED_VARIABLE = YES;
				IPHONEOS_DEPLOYMENT_TARGET = 10.2;
				MTL_ENABLE_DEBUG_INFO = NO;
				SDKROOT = iphoneos;
				SWIFT_OPTIMIZATION_LEVEL = "-Owholemodule";
				TARGETED_DEVICE_FAMILY = "1,2";
				VALIDATE_PRODUCT = YES;
			};
			name = Release;
		};
		AD076E511E571B11000A1A46 /* Debug */ = {
			isa = XCBuildConfiguration;
			buildSettings = {
				ASSETCATALOG_COMPILER_APPICON_NAME = AppIcon;
				DEVELOPMENT_TEAM = U48BW9QYPG;
				INFOPLIST_FILE = "SO-41984004/Info.plist";
				LD_RUNPATH_SEARCH_PATHS = "$(inherited) @executable_path/Frameworks";
				PRODUCT_BUNDLE_IDENTIFIER = "com.junglecandy.SO-41984004";
				PRODUCT_NAME = "$(TARGET_NAME)";
				SWIFT_VERSION = 3.0;
			};
			name = Debug;
		};
		AD076E521E571B11000A1A46 /* Release */ = {
			isa = XCBuildConfiguration;
			buildSettings = {
				ASSETCATALOG_COMPILER_APPICON_NAME = AppIcon;
				DEVELOPMENT_TEAM = U48BW9QYPG;
				INFOPLIST_FILE = "SO-41984004/Info.plist";
				LD_RUNPATH_SEARCH_PATHS = "$(inherited) @executable_path/Frameworks";
				PRODUCT_BUNDLE_IDENTIFIER = "com.junglecandy.SO-41984004";
				PRODUCT_NAME = "$(TARGET_NAME)";
				SWIFT_VERSION = 3.0;
			};
			name = Release;
		};
/* End XCBuildConfiguration section */

/* Begin XCConfigurationList section */
		AD076E361E571B11000A1A46 /* Build configuration list for PBXProject "SO-41984004" */ = {
			isa = XCConfigurationList;
			buildConfigurations = (
				AD076E4E1E571B11000A1A46 /* Debug */,
				AD076E4F1E571B11000A1A46 /* Release */,
			);
			defaultConfigurationIsVisible = 0;
			defaultConfigurationName = Release;
		};
		AD076E501E571B11000A1A46 /* Build configuration list for PBXNativeTarget "SO-41984004" */ = {
			isa = XCConfigurationList;
			buildConfigurations = (
				AD076E511E571B11000A1A46 /* Debug */,
				AD076E521E571B11000A1A46 /* Release */,
			);
			defaultConfigurationIsVisible = 0;
		};
/* End XCConfigurationList section */

/* Begin XCVersionGroup section */
		AD076E451E571B11000A1A46 /* SO_41984004.xcdatamodeld */ = {
			isa = XCVersionGroup;
			children = (
				AD076E461E571B11000A1A46 /* SO_41984004.xcdatamodel */,
			);
			currentVersion = AD076E461E571B11000A1A46 /* SO_41984004.xcdatamodel */;
			path = SO_41984004.xcdatamodeld;
			sourceTree = "<group>";
			versionGroupType = wrapper.xcdatamodel;
		};
/* End XCVersionGroup section */
	};
	rootObject = AD076E331E571B11000A1A46 /* Project object */;
}
